// !$*UTF8*$!
{
	archiveVersion = 1;
	classes = {
	};
	objectVersion = 56;
	objects = {

/* Begin PBXBuildFile section */
		C976893D29561F7300F7F14F /* SearchVC.swift in Sources */ = {isa = PBXBuildFile; fileRef = C976893C29561F7300F7F14F /* SearchVC.swift */; };
		C97689432956213E00F7F14F /* FavoritesListVC.swift in Sources */ = {isa = PBXBuildFile; fileRef = C97689422956213E00F7F14F /* FavoritesListVC.swift */; };
		C97689462956283000F7F14F /* BFButton.swift in Sources */ = {isa = PBXBuildFile; fileRef = C97689452956283000F7F14F /* BFButton.swift */; };
		C976894829562AD600F7F14F /* BFTextField.swift in Sources */ = {isa = PBXBuildFile; fileRef = C976894729562AD600F7F14F /* BFTextField.swift */; };
		C976894D29564C5C00F7F14F /* BFTitleLabel.swift in Sources */ = {isa = PBXBuildFile; fileRef = C976894C29564C5C00F7F14F /* BFTitleLabel.swift */; };
		C976894F2956533000F7F14F /* PlacesListVC.swift in Sources */ = {isa = PBXBuildFile; fileRef = C976894E2956533000F7F14F /* PlacesListVC.swift */; };
		C976895229566AAA00F7F14F /* BFBodyLabel.swift in Sources */ = {isa = PBXBuildFile; fileRef = C976895129566AAA00F7F14F /* BFBodyLabel.swift */; };
		C976895529566BCE00F7F14F /* BFAlertContainerView.swift in Sources */ = {isa = PBXBuildFile; fileRef = C976895429566BCE00F7F14F /* BFAlertContainerView.swift */; };
		C976895829566ECF00F7F14F /* BFAlertVC.swift in Sources */ = {isa = PBXBuildFile; fileRef = C976895729566ECF00F7F14F /* BFAlertVC.swift */; };
		C976895D2956721800F7F14F /* UIViewController+Ext.swift in Sources */ = {isa = PBXBuildFile; fileRef = C976895C2956721800F7F14F /* UIViewController+Ext.swift */; };
		C97689602956B10D00F7F14F /* NetworkManager.swift in Sources */ = {isa = PBXBuildFile; fileRef = C976895F2956B10D00F7F14F /* NetworkManager.swift */; };
		C97689632956B25800F7F14F /* PlaceDetail.swift in Sources */ = {isa = PBXBuildFile; fileRef = C97689622956B25800F7F14F /* PlaceDetail.swift */; };
		C97689652956B7A700F7F14F /* Place.swift in Sources */ = {isa = PBXBuildFile; fileRef = C97689642956B7A700F7F14F /* Place.swift */; };
		C97689682956B8E400F7F14F /* BFError.swift in Sources */ = {isa = PBXBuildFile; fileRef = C97689672956B8E400F7F14F /* BFError.swift */; };
		C976896C295B6FA900F7F14F /* String+Ext.swift in Sources */ = {isa = PBXBuildFile; fileRef = C976896B295B6FA900F7F14F /* String+Ext.swift */; };
		C9D318CD2955388E0053DF1C /* AppDelegate.swift in Sources */ = {isa = PBXBuildFile; fileRef = C9D318CC2955388E0053DF1C /* AppDelegate.swift */; };
		C9D318CF2955388E0053DF1C /* SceneDelegate.swift in Sources */ = {isa = PBXBuildFile; fileRef = C9D318CE2955388E0053DF1C /* SceneDelegate.swift */; };
		C9D318D62955388F0053DF1C /* Assets.xcassets in Resources */ = {isa = PBXBuildFile; fileRef = C9D318D52955388F0053DF1C /* Assets.xcassets */; };
		C9D318D92955388F0053DF1C /* LaunchScreen.storyboard in Resources */ = {isa = PBXBuildFile; fileRef = C9D318D72955388F0053DF1C /* LaunchScreen.storyboard */; };
/* End PBXBuildFile section */

/* Begin PBXFileReference section */
		C976893C29561F7300F7F14F /* SearchVC.swift */ = {isa = PBXFileReference; lastKnownFileType = sourcecode.swift; path = SearchVC.swift; sourceTree = "<group>"; };
		C97689422956213E00F7F14F /* FavoritesListVC.swift */ = {isa = PBXFileReference; lastKnownFileType = sourcecode.swift; path = FavoritesListVC.swift; sourceTree = "<group>"; };
		C97689452956283000F7F14F /* BFButton.swift */ = {isa = PBXFileReference; lastKnownFileType = sourcecode.swift; path = BFButton.swift; sourceTree = "<group>"; };
		C976894729562AD600F7F14F /* BFTextField.swift */ = {isa = PBXFileReference; lastKnownFileType = sourcecode.swift; path = BFTextField.swift; sourceTree = "<group>"; };
		C976894C29564C5C00F7F14F /* BFTitleLabel.swift */ = {isa = PBXFileReference; lastKnownFileType = sourcecode.swift; path = BFTitleLabel.swift; sourceTree = "<group>"; };
		C976894E2956533000F7F14F /* PlacesListVC.swift */ = {isa = PBXFileReference; lastKnownFileType = sourcecode.swift; path = PlacesListVC.swift; sourceTree = "<group>"; };
		C976895129566AAA00F7F14F /* BFBodyLabel.swift */ = {isa = PBXFileReference; lastKnownFileType = sourcecode.swift; path = BFBodyLabel.swift; sourceTree = "<group>"; };
		C976895429566BCE00F7F14F /* BFAlertContainerView.swift */ = {isa = PBXFileReference; lastKnownFileType = sourcecode.swift; path = BFAlertContainerView.swift; sourceTree = "<group>"; };
		C976895729566ECF00F7F14F /* BFAlertVC.swift */ = {isa = PBXFileReference; lastKnownFileType = sourcecode.swift; path = BFAlertVC.swift; sourceTree = "<group>"; };
		C976895C2956721800F7F14F /* UIViewController+Ext.swift */ = {isa = PBXFileReference; lastKnownFileType = sourcecode.swift; path = "UIViewController+Ext.swift"; sourceTree = "<group>"; };
		C976895F2956B10D00F7F14F /* NetworkManager.swift */ = {isa = PBXFileReference; lastKnownFileType = sourcecode.swift; path = NetworkManager.swift; sourceTree = "<group>"; };
		C97689622956B25800F7F14F /* PlaceDetail.swift */ = {isa = PBXFileReference; lastKnownFileType = sourcecode.swift; path = PlaceDetail.swift; sourceTree = "<group>"; };
		C97689642956B7A700F7F14F /* Place.swift */ = {isa = PBXFileReference; lastKnownFileType = sourcecode.swift; path = Place.swift; sourceTree = "<group>"; };
		C97689672956B8E400F7F14F /* BFError.swift */ = {isa = PBXFileReference; lastKnownFileType = sourcecode.swift; path = BFError.swift; sourceTree = "<group>"; };
		C976896B295B6FA900F7F14F /* String+Ext.swift */ = {isa = PBXFileReference; lastKnownFileType = sourcecode.swift; path = "String+Ext.swift"; sourceTree = "<group>"; };
		C9D318C92955388E0053DF1C /* BobaFinder.app */ = {isa = PBXFileReference; explicitFileType = wrapper.application; includeInIndex = 0; path = BobaFinder.app; sourceTree = BUILT_PRODUCTS_DIR; };
		C9D318CC2955388E0053DF1C /* AppDelegate.swift */ = {isa = PBXFileReference; lastKnownFileType = sourcecode.swift; path = AppDelegate.swift; sourceTree = "<group>"; };
		C9D318CE2955388E0053DF1C /* SceneDelegate.swift */ = {isa = PBXFileReference; lastKnownFileType = sourcecode.swift; path = SceneDelegate.swift; sourceTree = "<group>"; };
		C9D318D52955388F0053DF1C /* Assets.xcassets */ = {isa = PBXFileReference; lastKnownFileType = folder.assetcatalog; path = Assets.xcassets; sourceTree = "<group>"; };
		C9D318D82955388F0053DF1C /* Base */ = {isa = PBXFileReference; lastKnownFileType = file.storyboard; name = Base; path = Base.lproj/LaunchScreen.storyboard; sourceTree = "<group>"; };
		C9D318DA2955388F0053DF1C /* Info.plist */ = {isa = PBXFileReference; lastKnownFileType = text.plist.xml; path = Info.plist; sourceTree = "<group>"; };
/* End PBXFileReference section */

/* Begin PBXFrameworksBuildPhase section */
		C9D318C62955388E0053DF1C /* Frameworks */ = {
			isa = PBXFrameworksBuildPhase;
			buildActionMask = 2147483647;
			files = (
			);
			runOnlyForDeploymentPostprocessing = 0;
		};
/* End PBXFrameworksBuildPhase section */

/* Begin PBXGroup section */
		C9768944295627EB00F7F14F /* CustomViews */ = {
			isa = PBXGroup;
			children = (
				C976894B29563C1D00F7F14F /* Labels */,
				C97689452956283000F7F14F /* BFButton.swift */,
				C976894729562AD600F7F14F /* BFTextField.swift */,
				C976895629566EA000F7F14F /* ViewControllers */,
				C976895329566BA900F7F14F /* Views */,
			);
			path = CustomViews;
			sourceTree = "<group>";
		};
		C976894B29563C1D00F7F14F /* Labels */ = {
			isa = PBXGroup;
			children = (
				C976894C29564C5C00F7F14F /* BFTitleLabel.swift */,
				C976895129566AAA00F7F14F /* BFBodyLabel.swift */,
			);
			path = Labels;
			sourceTree = "<group>";
		};
		C97689502956534200F7F14F /* Screens */ = {
			isa = PBXGroup;
			children = (
				C976893C29561F7300F7F14F /* SearchVC.swift */,
				C976894E2956533000F7F14F /* PlacesListVC.swift */,
				C97689422956213E00F7F14F /* FavoritesListVC.swift */,
			);
			path = Screens;
			sourceTree = "<group>";
		};
		C976895329566BA900F7F14F /* Views */ = {
			isa = PBXGroup;
			children = (
				C976895429566BCE00F7F14F /* BFAlertContainerView.swift */,
			);
			path = Views;
			sourceTree = "<group>";
		};
		C976895629566EA000F7F14F /* ViewControllers */ = {
			isa = PBXGroup;
			children = (
				C976895729566ECF00F7F14F /* BFAlertVC.swift */,
			);
			path = ViewControllers;
			sourceTree = "<group>";
		};
		C9768959295671F700F7F14F /* Extensions */ = {
			isa = PBXGroup;
			children = (
				C976895C2956721800F7F14F /* UIViewController+Ext.swift */,
				C976896B295B6FA900F7F14F /* String+Ext.swift */,
			);
			path = Extensions;
			sourceTree = "<group>";
		};
		C976895E2956B0FA00F7F14F /* Managers */ = {
			isa = PBXGroup;
			children = (
				C976895F2956B10D00F7F14F /* NetworkManager.swift */,
			);
			path = Managers;
			sourceTree = "<group>";
		};
		C97689612956B24600F7F14F /* Models */ = {
			isa = PBXGroup;
			children = (
				C97689622956B25800F7F14F /* PlaceDetail.swift */,
				C97689642956B7A700F7F14F /* Place.swift */,
			);
			path = Models;
			sourceTree = "<group>";
		};
		C97689662956B8D300F7F14F /* Utilities */ = {
			isa = PBXGroup;
			children = (
				C97689672956B8E400F7F14F /* BFError.swift */,
			);
			path = Utilities;
			sourceTree = "<group>";
		};
		C9D318C02955388E0053DF1C = {
			isa = PBXGroup;
			children = (
				C9D318CB2955388E0053DF1C /* BobaFinder */,
				C9D318CA2955388E0053DF1C /* Products */,
			);
			sourceTree = "<group>";
		};
		C9D318CA2955388E0053DF1C /* Products */ = {
			isa = PBXGroup;
			children = (
				C9D318C92955388E0053DF1C /* BobaFinder.app */,
			);
			name = Products;
			sourceTree = "<group>";
		};
		C9D318CB2955388E0053DF1C /* BobaFinder */ = {
			isa = PBXGroup;
			children = (
				C97689662956B8D300F7F14F /* Utilities */,
				C97689612956B24600F7F14F /* Models */,
				C976895E2956B0FA00F7F14F /* Managers */,
				C9768959295671F700F7F14F /* Extensions */,
				C9768944295627EB00F7F14F /* CustomViews */,
				C97689502956534200F7F14F /* Screens */,
				C9D318D52955388F0053DF1C /* Assets.xcassets */,
				C9D318D72955388F0053DF1C /* LaunchScreen.storyboard */,
				C9D318DA2955388F0053DF1C /* Info.plist */,
				C9D318CC2955388E0053DF1C /* AppDelegate.swift */,
				C9D318CE2955388E0053DF1C /* SceneDelegate.swift */,
			);
			path = BobaFinder;
			sourceTree = "<group>";
		};
/* End PBXGroup section */

/* Begin PBXNativeTarget section */
		C9D318C82955388E0053DF1C /* BobaFinder */ = {
			isa = PBXNativeTarget;
			buildConfigurationList = C9D318DD2955388F0053DF1C /* Build configuration list for PBXNativeTarget "BobaFinder" */;
			buildPhases = (
				C9D318C52955388E0053DF1C /* Sources */,
				C9D318C62955388E0053DF1C /* Frameworks */,
				C9D318C72955388E0053DF1C /* Resources */,
			);
			buildRules = (
			);
			dependencies = (
			);
			name = BobaFinder;
			productName = BobaFinder;
			productReference = C9D318C92955388E0053DF1C /* BobaFinder.app */;
			productType = "com.apple.product-type.application";
		};
/* End PBXNativeTarget section */

/* Begin PBXProject section */
		C9D318C12955388E0053DF1C /* Project object */ = {
			isa = PBXProject;
			attributes = {
				BuildIndependentTargetsInParallel = 1;
				LastSwiftUpdateCheck = 1420;
				LastUpgradeCheck = 1420;
				TargetAttributes = {
					C9D318C82955388E0053DF1C = {
						CreatedOnToolsVersion = 14.2;
					};
				};
			};
			buildConfigurationList = C9D318C42955388E0053DF1C /* Build configuration list for PBXProject "BobaFinder" */;
			compatibilityVersion = "Xcode 14.0";
			developmentRegion = en;
			hasScannedForEncodings = 0;
			knownRegions = (
				en,
				Base,
			);
			mainGroup = C9D318C02955388E0053DF1C;
			productRefGroup = C9D318CA2955388E0053DF1C /* Products */;
			projectDirPath = "";
			projectRoot = "";
			targets = (
				C9D318C82955388E0053DF1C /* BobaFinder */,
			);
		};
/* End PBXProject section */

/* Begin PBXResourcesBuildPhase section */
		C9D318C72955388E0053DF1C /* Resources */ = {
			isa = PBXResourcesBuildPhase;
			buildActionMask = 2147483647;
			files = (
				C9D318D92955388F0053DF1C /* LaunchScreen.storyboard in Resources */,
				C9D318D62955388F0053DF1C /* Assets.xcassets in Resources */,
			);
			runOnlyForDeploymentPostprocessing = 0;
		};
/* End PBXResourcesBuildPhase section */

/* Begin PBXSourcesBuildPhase section */
		C9D318C52955388E0053DF1C /* Sources */ = {
			isa = PBXSourcesBuildPhase;
			buildActionMask = 2147483647;
			files = (
				C976894D29564C5C00F7F14F /* BFTitleLabel.swift in Sources */,
				C97689432956213E00F7F14F /* FavoritesListVC.swift in Sources */,
				C976895D2956721800F7F14F /* UIViewController+Ext.swift in Sources */,
				C976896C295B6FA900F7F14F /* String+Ext.swift in Sources */,
				C97689602956B10D00F7F14F /* NetworkManager.swift in Sources */,
				C976894F2956533000F7F14F /* PlacesListVC.swift in Sources */,
				C97689632956B25800F7F14F /* PlaceDetail.swift in Sources */,
				C976895229566AAA00F7F14F /* BFBodyLabel.swift in Sources */,
				C976893D29561F7300F7F14F /* SearchVC.swift in Sources */,
				C97689462956283000F7F14F /* BFButton.swift in Sources */,
				C97689652956B7A700F7F14F /* Place.swift in Sources */,
				C97689682956B8E400F7F14F /* BFError.swift in Sources */,
				C976895829566ECF00F7F14F /* BFAlertVC.swift in Sources */,
				C9D318CD2955388E0053DF1C /* AppDelegate.swift in Sources */,
				C9D318CF2955388E0053DF1C /* SceneDelegate.swift in Sources */,
				C976894829562AD600F7F14F /* BFTextField.swift in Sources */,
				C976895529566BCE00F7F14F /* BFAlertContainerView.swift in Sources */,
			);
			runOnlyForDeploymentPostprocessing = 0;
		};
/* End PBXSourcesBuildPhase section */

/* Begin PBXVariantGroup section */
		C9D318D72955388F0053DF1C /* LaunchScreen.storyboard */ = {
			isa = PBXVariantGroup;
			children = (
				C9D318D82955388F0053DF1C /* Base */,
			);
			name = LaunchScreen.storyboard;
			sourceTree = "<group>";
		};
/* End PBXVariantGroup section */

/* Begin XCBuildConfiguration section */
		C9D318DB2955388F0053DF1C /* Debug */ = {
			isa = XCBuildConfiguration;
			buildSettings = {
				ALWAYS_SEARCH_USER_PATHS = NO;
				CLANG_ANALYZER_NONNULL = YES;
				CLANG_ANALYZER_NUMBER_OBJECT_CONVERSION = YES_AGGRESSIVE;
				CLANG_CXX_LANGUAGE_STANDARD = "gnu++20";
				CLANG_ENABLE_MODULES = YES;
				CLANG_ENABLE_OBJC_ARC = YES;
				CLANG_ENABLE_OBJC_WEAK = YES;
				CLANG_WARN_BLOCK_CAPTURE_AUTORELEASING = YES;
				CLANG_WARN_BOOL_CONVERSION = YES;
				CLANG_WARN_COMMA = YES;
				CLANG_WARN_CONSTANT_CONVERSION = YES;
				CLANG_WARN_DEPRECATED_OBJC_IMPLEMENTATIONS = YES;
				CLANG_WARN_DIRECT_OBJC_ISA_USAGE = YES_ERROR;
				CLANG_WARN_DOCUMENTATION_COMMENTS = YES;
				CLANG_WARN_EMPTY_BODY = YES;
				CLANG_WARN_ENUM_CONVERSION = YES;
				CLANG_WARN_INFINITE_RECURSION = YES;
				CLANG_WARN_INT_CONVERSION = YES;
				CLANG_WARN_NON_LITERAL_NULL_CONVERSION = YES;
				CLANG_WARN_OBJC_IMPLICIT_RETAIN_SELF = YES;
				CLANG_WARN_OBJC_LITERAL_CONVERSION = YES;
				CLANG_WARN_OBJC_ROOT_CLASS = YES_ERROR;
				CLANG_WARN_QUOTED_INCLUDE_IN_FRAMEWORK_HEADER = YES;
				CLANG_WARN_RANGE_LOOP_ANALYSIS = YES;
				CLANG_WARN_STRICT_PROTOTYPES = YES;
				CLANG_WARN_SUSPICIOUS_MOVE = YES;
				CLANG_WARN_UNGUARDED_AVAILABILITY = YES_AGGRESSIVE;
				CLANG_WARN_UNREACHABLE_CODE = YES;
				CLANG_WARN__DUPLICATE_METHOD_MATCH = YES;
				COPY_PHASE_STRIP = NO;
				DEBUG_INFORMATION_FORMAT = dwarf;
				ENABLE_STRICT_OBJC_MSGSEND = YES;
				ENABLE_TESTABILITY = YES;
				GCC_C_LANGUAGE_STANDARD = gnu11;
				GCC_DYNAMIC_NO_PIC = NO;
				GCC_NO_COMMON_BLOCKS = YES;
				GCC_OPTIMIZATION_LEVEL = 0;
				GCC_PREPROCESSOR_DEFINITIONS = (
					"DEBUG=1",
					"$(inherited)",
				);
				GCC_WARN_64_TO_32_BIT_CONVERSION = YES;
				GCC_WARN_ABOUT_RETURN_TYPE = YES_ERROR;
				GCC_WARN_UNDECLARED_SELECTOR = YES;
				GCC_WARN_UNINITIALIZED_AUTOS = YES_AGGRESSIVE;
				GCC_WARN_UNUSED_FUNCTION = YES;
				GCC_WARN_UNUSED_VARIABLE = YES;
				IPHONEOS_DEPLOYMENT_TARGET = 16.2;
				MTL_ENABLE_DEBUG_INFO = INCLUDE_SOURCE;
				MTL_FAST_MATH = YES;
				ONLY_ACTIVE_ARCH = YES;
				SDKROOT = iphoneos;
				SWIFT_ACTIVE_COMPILATION_CONDITIONS = DEBUG;
				SWIFT_OPTIMIZATION_LEVEL = "-Onone";
			};
			name = Debug;
		};
		C9D318DC2955388F0053DF1C /* Release */ = {
			isa = XCBuildConfiguration;
			buildSettings = {
				ALWAYS_SEARCH_USER_PATHS = NO;
				CLANG_ANALYZER_NONNULL = YES;
				CLANG_ANALYZER_NUMBER_OBJECT_CONVERSION = YES_AGGRESSIVE;
				CLANG_CXX_LANGUAGE_STANDARD = "gnu++20";
				CLANG_ENABLE_MODULES = YES;
				CLANG_ENABLE_OBJC_ARC = YES;
				CLANG_ENABLE_OBJC_WEAK = YES;
				CLANG_WARN_BLOCK_CAPTURE_AUTORELEASING = YES;
				CLANG_WARN_BOOL_CONVERSION = YES;
				CLANG_WARN_COMMA = YES;
				CLANG_WARN_CONSTANT_CONVERSION = YES;
				CLANG_WARN_DEPRECATED_OBJC_IMPLEMENTATIONS = YES;
				CLANG_WARN_DIRECT_OBJC_ISA_USAGE = YES_ERROR;
				CLANG_WARN_DOCUMENTATION_COMMENTS = YES;
				CLANG_WARN_EMPTY_BODY = YES;
				CLANG_WARN_ENUM_CONVERSION = YES;
				CLANG_WARN_INFINITE_RECURSION = YES;
				CLANG_WARN_INT_CONVERSION = YES;
				CLANG_WARN_NON_LITERAL_NULL_CONVERSION = YES;
				CLANG_WARN_OBJC_IMPLICIT_RETAIN_SELF = YES;
				CLANG_WARN_OBJC_LITERAL_CONVERSION = YES;
				CLANG_WARN_OBJC_ROOT_CLASS = YES_ERROR;
				CLANG_WARN_QUOTED_INCLUDE_IN_FRAMEWORK_HEADER = YES;
				CLANG_WARN_RANGE_LOOP_ANALYSIS = YES;
				CLANG_WARN_STRICT_PROTOTYPES = YES;
				CLANG_WARN_SUSPICIOUS_MOVE = YES;
				CLANG_WARN_UNGUARDED_AVAILABILITY = YES_AGGRESSIVE;
				CLANG_WARN_UNREACHABLE_CODE = YES;
				CLANG_WARN__DUPLICATE_METHOD_MATCH = YES;
				COPY_PHASE_STRIP = NO;
				DEBUG_INFORMATION_FORMAT = "dwarf-with-dsym";
				ENABLE_NS_ASSERTIONS = NO;
				ENABLE_STRICT_OBJC_MSGSEND = YES;
				GCC_C_LANGUAGE_STANDARD = gnu11;
				GCC_NO_COMMON_BLOCKS = YES;
				GCC_WARN_64_TO_32_BIT_CONVERSION = YES;
				GCC_WARN_ABOUT_RETURN_TYPE = YES_ERROR;
				GCC_WARN_UNDECLARED_SELECTOR = YES;
				GCC_WARN_UNINITIALIZED_AUTOS = YES_AGGRESSIVE;
				GCC_WARN_UNUSED_FUNCTION = YES;
				GCC_WARN_UNUSED_VARIABLE = YES;
				IPHONEOS_DEPLOYMENT_TARGET = 16.2;
				MTL_ENABLE_DEBUG_INFO = NO;
				MTL_FAST_MATH = YES;
				SDKROOT = iphoneos;
				SWIFT_COMPILATION_MODE = wholemodule;
				SWIFT_OPTIMIZATION_LEVEL = "-O";
				VALIDATE_PRODUCT = YES;
			};
			name = Release;
		};
		C9D318DE2955388F0053DF1C /* Debug */ = {
			isa = XCBuildConfiguration;
			buildSettings = {
				ASSETCATALOG_COMPILER_APPICON_NAME = AppIcon;
				ASSETCATALOG_COMPILER_GLOBAL_ACCENT_COLOR_NAME = AccentColor;
				CODE_SIGN_STYLE = Automatic;
				CURRENT_PROJECT_VERSION = 1;
				DEVELOPMENT_TEAM = 2N6R3Z9G4Z;
				GENERATE_INFOPLIST_FILE = YES;
				INFOPLIST_FILE = BobaFinder/Info.plist;
				INFOPLIST_KEY_UIApplicationSupportsIndirectInputEvents = YES;
				INFOPLIST_KEY_UILaunchStoryboardName = LaunchScreen;
				INFOPLIST_KEY_UISupportedInterfaceOrientations = "UIInterfaceOrientationLandscapeLeft UIInterfaceOrientationLandscapeRight UIInterfaceOrientationPortrait UIInterfaceOrientationPortraitUpsideDown";
				IPHONEOS_DEPLOYMENT_TARGET = 16.2;
				LD_RUNPATH_SEARCH_PATHS = (
					"$(inherited)",
					"@executable_path/Frameworks",
				);
				MARKETING_VERSION = 1.0;
				PRODUCT_BUNDLE_IDENTIFIER = Personal.BobaFinder;
				PRODUCT_NAME = "$(TARGET_NAME)";
				SWIFT_EMIT_LOC_STRINGS = YES;
				SWIFT_VERSION = 5.0;
				TARGETED_DEVICE_FAMILY = "1,2";
			};
			name = Debug;
		};
		C9D318DF2955388F0053DF1C /* Release */ = {
			isa = XCBuildConfiguration;
			buildSettings = {
				ASSETCATALOG_COMPILER_APPICON_NAME = AppIcon;
				ASSETCATALOG_COMPILER_GLOBAL_ACCENT_COLOR_NAME = AccentColor;
				CODE_SIGN_STYLE = Automatic;
				CURRENT_PROJECT_VERSION = 1;
				DEVELOPMENT_TEAM = 2N6R3Z9G4Z;
				GENERATE_INFOPLIST_FILE = YES;
				INFOPLIST_FILE = BobaFinder/Info.plist;
				INFOPLIST_KEY_UIApplicationSupportsIndirectInputEvents = YES;
				INFOPLIST_KEY_UILaunchStoryboardName = LaunchScreen;
				INFOPLIST_KEY_UISupportedInterfaceOrientations = "UIInterfaceOrientationLandscapeLeft UIInterfaceOrientationLandscapeRight UIInterfaceOrientationPortrait UIInterfaceOrientationPortraitUpsideDown";
				IPHONEOS_DEPLOYMENT_TARGET = 16.2;
				LD_RUNPATH_SEARCH_PATHS = (
					"$(inherited)",
					"@executable_path/Frameworks",
				);
				MARKETING_VERSION = 1.0;
				PRODUCT_BUNDLE_IDENTIFIER = Personal.BobaFinder;
				PRODUCT_NAME = "$(TARGET_NAME)";
				SWIFT_EMIT_LOC_STRINGS = YES;
				SWIFT_VERSION = 5.0;
				TARGETED_DEVICE_FAMILY = "1,2";
			};
			name = Release;
		};
/* End XCBuildConfiguration section */

/* Begin XCConfigurationList section */
		C9D318C42955388E0053DF1C /* Build configuration list for PBXProject "BobaFinder" */ = {
			isa = XCConfigurationList;
			buildConfigurations = (
				C9D318DB2955388F0053DF1C /* Debug */,
				C9D318DC2955388F0053DF1C /* Release */,
			);
			defaultConfigurationIsVisible = 0;
			defaultConfigurationName = Release;
		};
		C9D318DD2955388F0053DF1C /* Build configuration list for PBXNativeTarget "BobaFinder" */ = {
			isa = XCConfigurationList;
			buildConfigurations = (
				C9D318DE2955388F0053DF1C /* Debug */,
				C9D318DF2955388F0053DF1C /* Release */,
			);
			defaultConfigurationIsVisible = 0;
			defaultConfigurationName = Release;
		};
/* End XCConfigurationList section */
	};
	rootObject = C9D318C12955388E0053DF1C /* Project object */;
}
